
Microsoft Visual Studio Solution File, Format Version 12.00
# Visual Studio Version 17
VisualStudioVersion = 17.10.35013.160
MinimumVisualStudioVersion = 10.0.40219.1
Project("{8BC9CEB8-8B4A-11D0-8D11-00A0C91BC942}") = "LAP_BAI3", "LAP_BAI3.vcxproj", "{B52BA978-AB02-4FE0-9867-B9C14B4B0553}"
EndProject
Global
	GlobalSection(SolutionConfigurationPlatforms) = preSolution
		Debug|x64 = Debug|x64
		Debug|x86 = Debug|x86
		Release|x64 = Release|x64
		Release|x86 = Release|x86
	EndGlobalSection
	GlobalSection(ProjectConfigurationPlatforms) = postSolution
		{B52BA978-AB02-4FE0-9867-B9C14B4B0553}.Debug|x64.ActiveCfg = Debug|x64
		{B52BA978-AB02-4FE0-9867-B9C14B4B0553}.Debug|x64.Build.0 = Debug|x64
		{B52BA978-AB02-4FE0-9867-B9C14B4B0553}.Debug|x86.ActiveCfg = Debug|Win32
		{B52BA978-AB02-4FE0-9867-B9C14B4B0553}.Debug|x86.Build.0 = Debug|Win32
		{B52BA978-AB02-4FE0-9867-B9C14B4B0553}.Release|x64.ActiveCfg = Release|x64
		{B52BA978-AB02-4FE0-9867-B9C14B4B0553}.Release|x64.Build.0 = Release|x64
		{B52BA978-AB02-4FE0-9867-B9C14B4B0553}.Release|x86.ActiveCfg = Release|Win32
		{B52BA978-AB02-4FE0-9867-B9C14B4B0553}.Release|x86.Build.0 = Release|Win32
	EndGlobalSection
	GlobalSection(SolutionProperties) = preSolution
		HideSolutionNode = FALSE
	EndGlobalSection
	GlobalSection(ExtensibilityGlobals) = postSolution
		SolutionGuid = {86AD6696-2A32-4F8F-A330-9FEB10E504D8}
	EndGlobalSection
EndGlobal
